// !$*UTF8*$!
{
	archiveVersion = 1;
	classes = {
	};
	objectVersion = 48;
	objects = {

/* Begin PBXBuildFile section */
		38820CE41F99BE8C00D14502 /* UIView+AutoLayout.swift in Sources */ = {isa = PBXBuildFile; fileRef = 38820CE31F99BE8C00D14502 /* UIView+AutoLayout.swift */; };
		38820CE61F99D5F700D14502 /* Lorem.swift in Sources */ = {isa = PBXBuildFile; fileRef = 38820CE51F99D5F700D14502 /* Lorem.swift */; };
		38820CE81F99DFE600D14502 /* UIDevice+Extensions.swift in Sources */ = {isa = PBXBuildFile; fileRef = 38820CE71F99DFE600D14502 /* UIDevice+Extensions.swift */; };
		3891277E1F99B21300702C05 /* AlertKit.h in Headers */ = {isa = PBXBuildFile; fileRef = 3891277C1F99B21300702C05 /* AlertKit.h */; settings = {ATTRIBUTES = (Public, ); }; };
		3891278D1F99B2B200702C05 /* AppDelegate.swift in Sources */ = {isa = PBXBuildFile; fileRef = 3891278C1F99B2B200702C05 /* AppDelegate.swift */; };
		3891278F1F99B2B200702C05 /* ViewController.swift in Sources */ = {isa = PBXBuildFile; fileRef = 3891278E1F99B2B200702C05 /* ViewController.swift */; };
		389127911F99B2B200702C05 /* Assets.xcassets in Resources */ = {isa = PBXBuildFile; fileRef = 389127901F99B2B200702C05 /* Assets.xcassets */; };
		389127941F99B2B200702C05 /* LaunchScreen.storyboard in Resources */ = {isa = PBXBuildFile; fileRef = 389127921F99B2B200702C05 /* LaunchScreen.storyboard */; };
		389127991F99B2C600702C05 /* AlertKit.framework in Frameworks */ = {isa = PBXBuildFile; fileRef = 389127791F99B21300702C05 /* AlertKit.framework */; };
		3891279A1F99B2C600702C05 /* AlertKit.framework in Embed Frameworks */ = {isa = PBXBuildFile; fileRef = 389127791F99B21300702C05 /* AlertKit.framework */; settings = {ATTRIBUTES = (CodeSignOnCopy, RemoveHeadersOnCopy, ); }; };
		389127A21F99B2F400702C05 /* Ping.swift in Sources */ = {isa = PBXBuildFile; fileRef = 389127A11F99B2F400702C05 /* Ping.swift */; };
		389127A81F99B3C600702C05 /* Alert.swift in Sources */ = {isa = PBXBuildFile; fileRef = 389127A71F99B3C500702C05 /* Alert.swift */; };
		389127A91F99B4B000702C05 /* Toast.swift in Sources */ = {isa = PBXBuildFile; fileRef = 389127A31F99B2FF00702C05 /* Toast.swift */; };
		389127AD1F99BAA900702C05 /* UIColor+Extensions.swift in Sources */ = {isa = PBXBuildFile; fileRef = 389127AC1F99BAA900702C05 /* UIColor+Extensions.swift */; };
/* End PBXBuildFile section */

/* Begin PBXContainerItemProxy section */
		3891279B1F99B2C600702C05 /* PBXContainerItemProxy */ = {
			isa = PBXContainerItemProxy;
			containerPortal = 389127701F99B21300702C05 /* Project object */;
			proxyType = 1;
			remoteGlobalIDString = 389127781F99B21300702C05;
			remoteInfo = AlertKit;
		};
/* End PBXContainerItemProxy section */

/* Begin PBXCopyFilesBuildPhase section */
		3891279D1F99B2C600702C05 /* Embed Frameworks */ = {
			isa = PBXCopyFilesBuildPhase;
			buildActionMask = 2147483647;
			dstPath = "";
			dstSubfolderSpec = 10;
			files = (
				3891279A1F99B2C600702C05 /* AlertKit.framework in Embed Frameworks */,
			);
			name = "Embed Frameworks";
			runOnlyForDeploymentPostprocessing = 0;
		};
/* End PBXCopyFilesBuildPhase section */

/* Begin PBXFileReference section */
		38820CE31F99BE8C00D14502 /* UIView+AutoLayout.swift */ = {isa = PBXFileReference; lastKnownFileType = sourcecode.swift; path = "UIView+AutoLayout.swift"; sourceTree = "<group>"; };
		38820CE51F99D5F700D14502 /* Lorem.swift */ = {isa = PBXFileReference; lastKnownFileType = sourcecode.swift; path = Lorem.swift; sourceTree = "<group>"; };
		38820CE71F99DFE600D14502 /* UIDevice+Extensions.swift */ = {isa = PBXFileReference; lastKnownFileType = sourcecode.swift; path = "UIDevice+Extensions.swift"; sourceTree = "<group>"; };
		389127791F99B21300702C05 /* AlertKit.framework */ = {isa = PBXFileReference; explicitFileType = wrapper.framework; includeInIndex = 0; path = AlertKit.framework; sourceTree = BUILT_PRODUCTS_DIR; };
		3891277C1F99B21300702C05 /* AlertKit.h */ = {isa = PBXFileReference; lastKnownFileType = sourcecode.c.h; path = AlertKit.h; sourceTree = "<group>"; };
		3891277D1F99B21300702C05 /* Info.plist */ = {isa = PBXFileReference; lastKnownFileType = text.plist.xml; path = Info.plist; sourceTree = "<group>"; };
		3891278A1F99B2B200702C05 /* AlertKitExample.app */ = {isa = PBXFileReference; explicitFileType = wrapper.application; includeInIndex = 0; path = AlertKitExample.app; sourceTree = BUILT_PRODUCTS_DIR; };
		3891278C1F99B2B200702C05 /* AppDelegate.swift */ = {isa = PBXFileReference; lastKnownFileType = sourcecode.swift; path = AppDelegate.swift; sourceTree = "<group>"; };
		3891278E1F99B2B200702C05 /* ViewController.swift */ = {isa = PBXFileReference; lastKnownFileType = sourcecode.swift; path = ViewController.swift; sourceTree = "<group>"; };
		389127901F99B2B200702C05 /* Assets.xcassets */ = {isa = PBXFileReference; lastKnownFileType = folder.assetcatalog; path = Assets.xcassets; sourceTree = "<group>"; };
		389127931F99B2B200702C05 /* Base */ = {isa = PBXFileReference; lastKnownFileType = file.storyboard; name = Base; path = Base.lproj/LaunchScreen.storyboard; sourceTree = "<group>"; };
		389127951F99B2B200702C05 /* Info.plist */ = {isa = PBXFileReference; lastKnownFileType = text.plist.xml; path = Info.plist; sourceTree = "<group>"; };
		389127A11F99B2F400702C05 /* Ping.swift */ = {isa = PBXFileReference; lastKnownFileType = sourcecode.swift; path = Ping.swift; sourceTree = "<group>"; };
		389127A31F99B2FF00702C05 /* Toast.swift */ = {isa = PBXFileReference; lastKnownFileType = sourcecode.swift; path = Toast.swift; sourceTree = "<group>"; };
		389127A71F99B3C500702C05 /* Alert.swift */ = {isa = PBXFileReference; lastKnownFileType = sourcecode.swift; path = Alert.swift; sourceTree = "<group>"; };
		389127AC1F99BAA900702C05 /* UIColor+Extensions.swift */ = {isa = PBXFileReference; lastKnownFileType = sourcecode.swift; path = "UIColor+Extensions.swift"; sourceTree = "<group>"; };
/* End PBXFileReference section */

/* Begin PBXFrameworksBuildPhase section */
		389127751F99B21300702C05 /* Frameworks */ = {
			isa = PBXFrameworksBuildPhase;
			buildActionMask = 2147483647;
			files = (
			);
			runOnlyForDeploymentPostprocessing = 0;
		};
		389127871F99B2B200702C05 /* Frameworks */ = {
			isa = PBXFrameworksBuildPhase;
			buildActionMask = 2147483647;
			files = (
				389127991F99B2C600702C05 /* AlertKit.framework in Frameworks */,
			);
			runOnlyForDeploymentPostprocessing = 0;
		};
/* End PBXFrameworksBuildPhase section */

/* Begin PBXGroup section */
		3891276F1F99B21300702C05 = {
			isa = PBXGroup;
			children = (
				3891277B1F99B21300702C05 /* AlertKit */,
				3891278B1F99B2B200702C05 /* AlertKitExample */,
				3891277A1F99B21300702C05 /* Products */,
			);
			sourceTree = "<group>";
		};
		3891277A1F99B21300702C05 /* Products */ = {
			isa = PBXGroup;
			children = (
				389127791F99B21300702C05 /* AlertKit.framework */,
				3891278A1F99B2B200702C05 /* AlertKitExample.app */,
			);
			name = Products;
			sourceTree = "<group>";
		};
		3891277B1F99B21300702C05 /* AlertKit */ = {
			isa = PBXGroup;
			children = (
				389127A71F99B3C500702C05 /* Alert.swift */,
				389127A11F99B2F400702C05 /* Ping.swift */,
				389127A31F99B2FF00702C05 /* Toast.swift */,
				389127AE1F99BAAD00702C05 /* Extensions */,
				389127851F99B27700702C05 /* Supporting Files */,
			);
			path = AlertKit;
			sourceTree = "<group>";
		};
		389127851F99B27700702C05 /* Supporting Files */ = {
			isa = PBXGroup;
			children = (
				3891277C1F99B21300702C05 /* AlertKit.h */,
				3891277D1F99B21300702C05 /* Info.plist */,
			);
			path = "Supporting Files";
			sourceTree = "<group>";
		};
		3891278B1F99B2B200702C05 /* AlertKitExample */ = {
			isa = PBXGroup;
			children = (
				3891278C1F99B2B200702C05 /* AppDelegate.swift */,
				3891278E1F99B2B200702C05 /* ViewController.swift */,
				38820CE51F99D5F700D14502 /* Lorem.swift */,
				389127901F99B2B200702C05 /* Assets.xcassets */,
				389127921F99B2B200702C05 /* LaunchScreen.storyboard */,
				389127951F99B2B200702C05 /* Info.plist */,
			);
			path = AlertKitExample;
			sourceTree = "<group>";
		};
		389127AE1F99BAAD00702C05 /* Extensions */ = {
			isa = PBXGroup;
			children = (
				389127AC1F99BAA900702C05 /* UIColor+Extensions.swift */,
				38820CE71F99DFE600D14502 /* UIDevice+Extensions.swift */,
				38820CE31F99BE8C00D14502 /* UIView+AutoLayout.swift */,
			);
			path = Extensions;
			sourceTree = "<group>";
		};
/* End PBXGroup section */

/* Begin PBXHeadersBuildPhase section */
		389127761F99B21300702C05 /* Headers */ = {
			isa = PBXHeadersBuildPhase;
			buildActionMask = 2147483647;
			files = (
				3891277E1F99B21300702C05 /* AlertKit.h in Headers */,
			);
			runOnlyForDeploymentPostprocessing = 0;
		};
/* End PBXHeadersBuildPhase section */

/* Begin PBXNativeTarget section */
		389127781F99B21300702C05 /* AlertKit */ = {
			isa = PBXNativeTarget;
			buildConfigurationList = 389127811F99B21300702C05 /* Build configuration list for PBXNativeTarget "AlertKit" */;
			buildPhases = (
				389127741F99B21300702C05 /* Sources */,
				389127751F99B21300702C05 /* Frameworks */,
				389127761F99B21300702C05 /* Headers */,
				389127771F99B21300702C05 /* Resources */,
			);
			buildRules = (
			);
			dependencies = (
			);
			name = AlertKit;
			productName = AlertKit;
			productReference = 389127791F99B21300702C05 /* AlertKit.framework */;
			productType = "com.apple.product-type.framework";
		};
		389127891F99B2B200702C05 /* AlertKitExample */ = {
			isa = PBXNativeTarget;
			buildConfigurationList = 389127961F99B2B200702C05 /* Build configuration list for PBXNativeTarget "AlertKitExample" */;
			buildPhases = (
				389127861F99B2B200702C05 /* Sources */,
				389127871F99B2B200702C05 /* Frameworks */,
				389127881F99B2B200702C05 /* Resources */,
				3891279D1F99B2C600702C05 /* Embed Frameworks */,
			);
			buildRules = (
			);
			dependencies = (
				3891279C1F99B2C600702C05 /* PBXTargetDependency */,
			);
			name = AlertKitExample;
			productName = AlertKitExample;
			productReference = 3891278A1F99B2B200702C05 /* AlertKitExample.app */;
			productType = "com.apple.product-type.application";
		};
/* End PBXNativeTarget section */

/* Begin PBXProject section */
		389127701F99B21300702C05 /* Project object */ = {
			isa = PBXProject;
			attributes = {
				LastSwiftUpdateCheck = 0900;
				LastUpgradeCheck = 0900;
				ORGANIZATIONNAME = "Nathan Tannar";
				TargetAttributes = {
					389127781F99B21300702C05 = {
						CreatedOnToolsVersion = 9.0;
						LastSwiftMigration = 0900;
						ProvisioningStyle = Automatic;
					};
					389127891F99B2B200702C05 = {
						CreatedOnToolsVersion = 9.0;
						ProvisioningStyle = Automatic;
					};
				};
			};
			buildConfigurationList = 389127731F99B21300702C05 /* Build configuration list for PBXProject "AlertKit" */;
			compatibilityVersion = "Xcode 8.0";
			developmentRegion = en;
			hasScannedForEncodings = 0;
			knownRegions = (
				en,
				Base,
			);
			mainGroup = 3891276F1F99B21300702C05;
			productRefGroup = 3891277A1F99B21300702C05 /* Products */;
			projectDirPath = "";
			projectRoot = "";
			targets = (
				389127781F99B21300702C05 /* AlertKit */,
				389127891F99B2B200702C05 /* AlertKitExample */,
			);
		};
/* End PBXProject section */

/* Begin PBXResourcesBuildPhase section */
		389127771F99B21300702C05 /* Resources */ = {
			isa = PBXResourcesBuildPhase;
			buildActionMask = 2147483647;
			files = (
			);
			runOnlyForDeploymentPostprocessing = 0;
		};
		389127881F99B2B200702C05 /* Resources */ = {
			isa = PBXResourcesBuildPhase;
			buildActionMask = 2147483647;
			files = (
				389127911F99B2B200702C05 /* Assets.xcassets in Resources */,
				389127941F99B2B200702C05 /* LaunchScreen.storyboard in Resources */,
			);
			runOnlyForDeploymentPostprocessing = 0;
		};
/* End PBXResourcesBuildPhase section */

/* Begin PBXSourcesBuildPhase section */
		389127741F99B21300702C05 /* Sources */ = {
			isa = PBXSourcesBuildPhase;
			buildActionMask = 2147483647;
			files = (
				38820CE41F99BE8C00D14502 /* UIView+AutoLayout.swift in Sources */,
				389127A81F99B3C600702C05 /* Alert.swift in Sources */,
				389127AD1F99BAA900702C05 /* UIColor+Extensions.swift in Sources */,
				389127A91F99B4B000702C05 /* Toast.swift in Sources */,
				389127A21F99B2F400702C05 /* Ping.swift in Sources */,
				38820CE81F99DFE600D14502 /* UIDevice+Extensions.swift in Sources */,
			);
			runOnlyForDeploymentPostprocessing = 0;
		};
		389127861F99B2B200702C05 /* Sources */ = {
			isa = PBXSourcesBuildPhase;
			buildActionMask = 2147483647;
			files = (
				3891278F1F99B2B200702C05 /* ViewController.swift in Sources */,
				38820CE61F99D5F700D14502 /* Lorem.swift in Sources */,
				3891278D1F99B2B200702C05 /* AppDelegate.swift in Sources */,
			);
			runOnlyForDeploymentPostprocessing = 0;
		};
/* End PBXSourcesBuildPhase section */

/* Begin PBXTargetDependency section */
		3891279C1F99B2C600702C05 /* PBXTargetDependency */ = {
			isa = PBXTargetDependency;
			target = 389127781F99B21300702C05 /* AlertKit */;
			targetProxy = 3891279B1F99B2C600702C05 /* PBXContainerItemProxy */;
		};
/* End PBXTargetDependency section */

/* Begin PBXVariantGroup section */
		389127921F99B2B200702C05 /* LaunchScreen.storyboard */ = {
			isa = PBXVariantGroup;
			children = (
				389127931F99B2B200702C05 /* Base */,
			);
			name = LaunchScreen.storyboard;
			sourceTree = "<group>";
		};
/* End PBXVariantGroup section */

/* Begin XCBuildConfiguration section */
		3891277F1F99B21300702C05 /* Debug */ = {
			isa = XCBuildConfiguration;
			buildSettings = {
				ALWAYS_SEARCH_USER_PATHS = NO;
				CLANG_ANALYZER_NONNULL = YES;
				CLANG_ANALYZER_NUMBER_OBJECT_CONVERSION = YES_AGGRESSIVE;
				CLANG_CXX_LANGUAGE_STANDARD = "gnu++14";
				CLANG_CXX_LIBRARY = "libc++";
				CLANG_ENABLE_MODULES = YES;
				CLANG_ENABLE_OBJC_ARC = YES;
				CLANG_WARN_BLOCK_CAPTURE_AUTORELEASING = YES;
				CLANG_WARN_BOOL_CONVERSION = YES;
				CLANG_WARN_COMMA = YES;
				CLANG_WARN_CONSTANT_CONVERSION = YES;
				CLANG_WARN_DIRECT_OBJC_ISA_USAGE = YES_ERROR;
				CLANG_WARN_DOCUMENTATION_COMMENTS = YES;
				CLANG_WARN_EMPTY_BODY = YES;
				CLANG_WARN_ENUM_CONVERSION = YES;
				CLANG_WARN_INFINITE_RECURSION = YES;
				CLANG_WARN_INT_CONVERSION = YES;
				CLANG_WARN_NON_LITERAL_NULL_CONVERSION = YES;
				CLANG_WARN_OBJC_LITERAL_CONVERSION = YES;
				CLANG_WARN_OBJC_ROOT_CLASS = YES_ERROR;
				CLANG_WARN_RANGE_LOOP_ANALYSIS = YES;
				CLANG_WARN_STRICT_PROTOTYPES = YES;
				CLANG_WARN_SUSPICIOUS_MOVE = YES;
				CLANG_WARN_UNGUARDED_AVAILABILITY = YES_AGGRESSIVE;
				CLANG_WARN_UNREACHABLE_CODE = YES;
				CLANG_WARN__DUPLICATE_METHOD_MATCH = YES;
				CODE_SIGN_IDENTITY = "iPhone Developer";
				COPY_PHASE_STRIP = NO;
				CURRENT_PROJECT_VERSION = 1;
				DEBUG_INFORMATION_FORMAT = dwarf;
				ENABLE_STRICT_OBJC_MSGSEND = YES;
				ENABLE_TESTABILITY = YES;
				GCC_C_LANGUAGE_STANDARD = gnu11;
				GCC_DYNAMIC_NO_PIC = NO;
				GCC_NO_COMMON_BLOCKS = YES;
				GCC_OPTIMIZATION_LEVEL = 0;
				GCC_PREPROCESSOR_DEFINITIONS = (
					"DEBUG=1",
					"$(inherited)",
				);
				GCC_WARN_64_TO_32_BIT_CONVERSION = YES;
				GCC_WARN_ABOUT_RETURN_TYPE = YES_ERROR;
				GCC_WARN_UNDECLARED_SELECTOR = YES;
				GCC_WARN_UNINITIALIZED_AUTOS = YES_AGGRESSIVE;
				GCC_WARN_UNUSED_FUNCTION = YES;
				GCC_WARN_UNUSED_VARIABLE = YES;
				IPHONEOS_DEPLOYMENT_TARGET = 11.0;
				MTL_ENABLE_DEBUG_INFO = YES;
				ONLY_ACTIVE_ARCH = YES;
				SDKROOT = iphoneos;
				SWIFT_ACTIVE_COMPILATION_CONDITIONS = DEBUG;
				SWIFT_OPTIMIZATION_LEVEL = "-Onone";
				VERSIONING_SYSTEM = "apple-generic";
				VERSION_INFO_PREFIX = "";
			};
			name = Debug;
		};
		389127801F99B21300702C05 /* Release */ = {
			isa = XCBuildConfiguration;
			buildSettings = {
				ALWAYS_SEARCH_USER_PATHS = NO;
				CLANG_ANALYZER_NONNULL = YES;
				CLANG_ANALYZER_NUMBER_OBJECT_CONVERSION = YES_AGGRESSIVE;
				CLANG_CXX_LANGUAGE_STANDARD = "gnu++14";
				CLANG_CXX_LIBRARY = "libc++";
				CLANG_ENABLE_MODULES = YES;
				CLANG_ENABLE_OBJC_ARC = YES;
				CLANG_WARN_BLOCK_CAPTURE_AUTORELEASING = YES;
				CLANG_WARN_BOOL_CONVERSION = YES;
				CLANG_WARN_COMMA = YES;
				CLANG_WARN_CONSTANT_CONVERSION = YES;
				CLANG_WARN_DIRECT_OBJC_ISA_USAGE = YES_ERROR;
				CLANG_WARN_DOCUMENTATION_COMMENTS = YES;
				CLANG_WARN_EMPTY_BODY = YES;
				CLANG_WARN_ENUM_CONVERSION = YES;
				CLANG_WARN_INFINITE_RECURSION = YES;
				CLANG_WARN_INT_CONVERSION = YES;
				CLANG_WARN_NON_LITERAL_NULL_CONVERSION = YES;
				CLANG_WARN_OBJC_LITERAL_CONVERSION = YES;
				CLANG_WARN_OBJC_ROOT_CLASS = YES_ERROR;
				CLANG_WARN_RANGE_LOOP_ANALYSIS = YES;
				CLANG_WARN_STRICT_PROTOTYPES = YES;
				CLANG_WARN_SUSPICIOUS_MOVE = YES;
				CLANG_WARN_UNGUARDED_AVAILABILITY = YES_AGGRESSIVE;
				CLANG_WARN_UNREACHABLE_CODE = YES;
				CLANG_WARN__DUPLICATE_METHOD_MATCH = YES;
				CODE_SIGN_IDENTITY = "iPhone Developer";
				COPY_PHASE_STRIP = NO;
				CURRENT_PROJECT_VERSION = 1;
				DEBUG_INFORMATION_FORMAT = "dwarf-with-dsym";
				ENABLE_NS_ASSERTIONS = NO;
				ENABLE_STRICT_OBJC_MSGSEND = YES;
				GCC_C_LANGUAGE_STANDARD = gnu11;
				GCC_NO_COMMON_BLOCKS = YES;
				GCC_WARN_64_TO_32_BIT_CONVERSION = YES;
				GCC_WARN_ABOUT_RETURN_TYPE = YES_ERROR;
				GCC_WARN_UNDECLARED_SELECTOR = YES;
				GCC_WARN_UNINITIALIZED_AUTOS = YES_AGGRESSIVE;
				GCC_WARN_UNUSED_FUNCTION = YES;
				GCC_WARN_UNUSED_VARIABLE = YES;
				IPHONEOS_DEPLOYMENT_TARGET = 11.0;
				MTL_ENABLE_DEBUG_INFO = NO;
				SDKROOT = iphoneos;
				SWIFT_OPTIMIZATION_LEVEL = "-Owholemodule";
				VALIDATE_PRODUCT = YES;
				VERSIONING_SYSTEM = "apple-generic";
				VERSION_INFO_PREFIX = "";
			};
			name = Release;
		};
		389127821F99B21300702C05 /* Debug */ = {
			isa = XCBuildConfiguration;
			buildSettings = {
				CLANG_ENABLE_MODULES = YES;
				CODE_SIGN_IDENTITY = "";
				CODE_SIGN_STYLE = Automatic;
				DEFINES_MODULE = YES;
				DEVELOPMENT_TEAM = 9EUCWD26TP;
				DYLIB_COMPATIBILITY_VERSION = 1;
				DYLIB_CURRENT_VERSION = 1;
				DYLIB_INSTALL_NAME_BASE = "@rpath";
				INFOPLIST_FILE = "$(SRCROOT)/AlertKit/Supporting Files/Info.plist";
				INSTALL_PATH = "$(LOCAL_LIBRARY_DIR)/Frameworks";
				IPHONEOS_DEPLOYMENT_TARGET = 9.0;
				LD_RUNPATH_SEARCH_PATHS = "$(inherited) @executable_path/Frameworks @loader_path/Frameworks";
				PRODUCT_BUNDLE_IDENTIFIER = me.nathantannar.AlertKit;
				PRODUCT_NAME = "$(TARGET_NAME:c99extidentifier)";
				SKIP_INSTALL = YES;
				SWIFT_OPTIMIZATION_LEVEL = "-Onone";
				SWIFT_VERSION = 4.0;
				TARGETED_DEVICE_FAMILY = "1,2";
			};
			name = Debug;
		};
		389127831F99B21300702C05 /* Release */ = {
			isa = XCBuildConfiguration;
			buildSettings = {
				CLANG_ENABLE_MODULES = YES;
				CODE_SIGN_IDENTITY = "";
				CODE_SIGN_STYLE = Automatic;
				DEFINES_MODULE = YES;
				DEVELOPMENT_TEAM = 9EUCWD26TP;
				DYLIB_COMPATIBILITY_VERSION = 1;
				DYLIB_CURRENT_VERSION = 1;
				DYLIB_INSTALL_NAME_BASE = "@rpath";
				INFOPLIST_FILE = "$(SRCROOT)/AlertKit/Supporting Files/Info.plist";
				INSTALL_PATH = "$(LOCAL_LIBRARY_DIR)/Frameworks";
				IPHONEOS_DEPLOYMENT_TARGET = 9.0;
				LD_RUNPATH_SEARCH_PATHS = "$(inherited) @executable_path/Frameworks @loader_path/Frameworks";
				PRODUCT_BUNDLE_IDENTIFIER = me.nathantannar.AlertKit;
				PRODUCT_NAME = "$(TARGET_NAME:c99extidentifier)";
				SKIP_INSTALL = YES;
				SWIFT_VERSION = 4.0;
				TARGETED_DEVICE_FAMILY = "1,2";
			};
			name = Release;
		};
		389127971F99B2B200702C05 /* Debug */ = {
			isa = XCBuildConfiguration;
			buildSettings = {
				ALWAYS_EMBED_SWIFT_STANDARD_LIBRARIES = YES;
				ASSETCATALOG_COMPILER_APPICON_NAME = AppIcon;
				CODE_SIGN_STYLE = Automatic;
				DEVELOPMENT_TEAM = 9EUCWD26TP;
				INFOPLIST_FILE = AlertKitExample/Info.plist;
				LD_RUNPATH_SEARCH_PATHS = "$(inherited) @executable_path/Frameworks";
				PRODUCT_BUNDLE_IDENTIFIER = me.nathantannar.AlertKitExample;
				PRODUCT_NAME = "$(TARGET_NAME)";
				SWIFT_VERSION = 4.0;
				TARGETED_DEVICE_FAMILY = "1,2";
			};
			name = Debug;
		};
		389127981F99B2B200702C05 /* Release */ = {
			isa = XCBuildConfiguration;
			buildSettings = {
				ALWAYS_EMBED_SWIFT_STANDARD_LIBRARIES = YES;
				ASSETCATALOG_COMPILER_APPICON_NAME = AppIcon;
				CODE_SIGN_STYLE = Automatic;
				DEVELOPMENT_TEAM = 9EUCWD26TP;
				INFOPLIST_FILE = AlertKitExample/Info.plist;
				LD_RUNPATH_SEARCH_PATHS = "$(inherited) @executable_path/Frameworks";
				PRODUCT_BUNDLE_IDENTIFIER = me.nathantannar.AlertKitExample;
				PRODUCT_NAME = "$(TARGET_NAME)";
				SWIFT_VERSION = 4.0;
				TARGETED_DEVICE_FAMILY = "1,2";
			};
			name = Release;
		};
/* End XCBuildConfiguration section */

/* Begin XCConfigurationList section */
		389127731F99B21300702C05 /* Build configuration list for PBXProject "AlertKit" */ = {
			isa = XCConfigurationList;
			buildConfigurations = (
				3891277F1F99B21300702C05 /* Debug */,
				389127801F99B21300702C05 /* Release */,
			);
			defaultConfigurationIsVisible = 0;
			defaultConfigurationName = Release;
		};
		389127811F99B21300702C05 /* Build configuration list for PBXNativeTarget "AlertKit" */ = {
			isa = XCConfigurationList;
			buildConfigurations = (
				389127821F99B21300702C05 /* Debug */,
				389127831F99B21300702C05 /* Release */,
			);
			defaultConfigurationIsVisible = 0;
			defaultConfigurationName = Release;
		};
		389127961F99B2B200702C05 /* Build configuration list for PBXNativeTarget "AlertKitExample" */ = {
			isa = XCConfigurationList;
			buildConfigurations = (
				389127971F99B2B200702C05 /* Debug */,
				389127981F99B2B200702C05 /* Release */,
			);
			defaultConfigurationIsVisible = 0;
			defaultConfigurationName = Release;
		};
/* End XCConfigurationList section */
	};
	rootObject = 389127701F99B21300702C05 /* Project object */;
}
